<Solution>
  <Folder Name="/Solution Items/">
    <File Path="compose.yaml" />
  </Folder>
  <Project Path="password-break-server/password-break-server.csproj" />
  <Project Path="password-break-client/password-break-client.csproj" Id="d1aa2799-209f-433d-9754-6b8d496061ea" />
  <Project Path="password-break-server.Tests/password-break-server.Tests.csproj" />
  <Project Path="password-break-client.Tests/password-break-client.Tests.csproj" />
</Solution>
